
Microsoft Visual Studio Solution File, Format Version 12.00
# Visual Studio Version 17
VisualStudioVersion = 17.1.32414.318
MinimumVisualStudioVersion = 10.0.40219.1
Project("{FAE04EC0-301F-11D3-BF4B-00C04F79EFBC}") = "Cwiczenia8", "Cwiczenia8\Cwiczenia8.csproj", "{17DA5B8D-766E-49F5-A414-F326A6237222}"
EndProject
Global
	GlobalSection(SolutionConfigurationPlatforms) = preSolution
		Debug|Any CPU = Debug|Any CPU
		Release|Any CPU = Release|Any CPU
	EndGlobalSection
	GlobalSection(ProjectConfigurationPlatforms) = postSolution
		{17DA5B8D-766E-49F5-A414-F326A6237222}.Debug|Any CPU.ActiveCfg = Debug|Any CPU
		{17DA5B8D-766E-49F5-A414-F326A6237222}.Debug|Any CPU.Build.0 = Debug|Any CPU
		{17DA5B8D-766E-49F5-A414-F326A6237222}.Release|Any CPU.ActiveCfg = Release|Any CPU
		{17DA5B8D-766E-49F5-A414-F326A6237222}.Release|Any CPU.Build.0 = Release|Any CPU
	EndGlobalSection
	GlobalSection(SolutionProperties) = preSolution
		HideSolutionNode = FALSE
	EndGlobalSection
	GlobalSection(ExtensibilityGlobals) = postSolution
		SolutionGuid = {6D5A3ED3-CEC5-4CA5-80DB-8E69340FF22E}
	EndGlobalSection
EndGlobal
